
Microsoft Visual Studio Solution File, Format Version 12.00
# Visual Studio Version 17
VisualStudioVersion = 17.4.33213.308
MinimumVisualStudioVersion = 10.0.40219.1
Project("{FAE04EC0-301F-11D3-BF4B-00C04F79EFBC}") = "Polynomial roots", "Polynomial roots\Polynomial roots.csproj", "{395C9CB2-964B-4ACF-A299-30E0B184CDDF}"
EndProject
Global
	GlobalSection(SolutionConfigurationPlatforms) = preSolution
		Debug|Any CPU = Debug|Any CPU
		Release|Any CPU = Release|Any CPU
	EndGlobalSection
	GlobalSection(ProjectConfigurationPlatforms) = postSolution
		{395C9CB2-964B-4ACF-A299-30E0B184CDDF}.Debug|Any CPU.ActiveCfg = Debug|Any CPU
		{395C9CB2-964B-4ACF-A299-30E0B184CDDF}.Debug|Any CPU.Build.0 = Debug|Any CPU
		{395C9CB2-964B-4ACF-A299-30E0B184CDDF}.Release|Any CPU.ActiveCfg = Release|Any CPU
		{395C9CB2-964B-4ACF-A299-30E0B184CDDF}.Release|Any CPU.Build.0 = Release|Any CPU
	EndGlobalSection
	GlobalSection(SolutionProperties) = preSolution
		HideSolutionNode = FALSE
	EndGlobalSection
	GlobalSection(ExtensibilityGlobals) = postSolution
		SolutionGuid = {B5BF0483-3B22-4BB9-BEC7-693769C786CA}
	EndGlobalSection
EndGlobal
